{
  "name": "att-spawn-string-generator",
  "version": "1.0.0",
  "lockfileVersion": 1,
  "requires": true,
  "dependencies": {
    "@types/node": {
      "version": "12.12.14",
      "resolved": "https://registry.npmjs.org/@types/node/-/node-12.12.14.tgz",
      "integrity": "sha512-u/SJDyXwuihpwjXy7hOOghagLEV1KdAST6syfnOk6QZAMzZuWZqXy5aYYZbh8Jdpd4escVFP0MvftHNDb9pruA=="
    },
    "bitwise": {
      "version": "2.0.4",
      "resolved": "https://registry.npmjs.org/bitwise/-/bitwise-2.0.4.tgz",
      "integrity": "sha512-ZOByl1Sc8SH2/owfRfR1apaC1ELNqHqAAtfqs1Ixqk/9Bod6VxWz10MiMYXkNiL95RdFAqOGQxm1TCGPf1iFyw=="
    },
    "ieee754": {
      "version": "1.1.13",
      "resolved": "https://registry.npmjs.org/ieee754/-/ieee754-1.1.13.tgz",
      "integrity": "sha512-4vf7I2LYV/HaWerSo3XmlMkp5eZ83i+/CDluXi/IGTs/O1sejBNhTtnxzmRZfvOUqj7lZjqHkeTvpgSFDlWZTg=="
    }
  }
}
